// !$*UTF8*$!
{
	archiveVersion = 1;
	classes = {
	};
	objectVersion = 46;
	objects = {

/* Begin PBXBuildFile section */
		294038C51E1655BF00203D8A /* AppDelegate.swift in Sources */ = {isa = PBXBuildFile; fileRef = 294038C41E1655BF00203D8A /* AppDelegate.swift */; };
		294038C71E1655BF00203D8A /* ViewController.swift in Sources */ = {isa = PBXBuildFile; fileRef = 294038C61E1655BF00203D8A /* ViewController.swift */; };
		294038CA1E1655BF00203D8A /* Main.storyboard in Resources */ = {isa = PBXBuildFile; fileRef = 294038C81E1655BF00203D8A /* Main.storyboard */; };
		294038CC1E1655BF00203D8A /* Assets.xcassets in Resources */ = {isa = PBXBuildFile; fileRef = 294038CB1E1655BF00203D8A /* Assets.xcassets */; };
		294038CF1E1655BF00203D8A /* LaunchScreen.storyboard in Resources */ = {isa = PBXBuildFile; fileRef = 294038CD1E1655BF00203D8A /* LaunchScreen.storyboard */; };
/* End PBXBuildFile section */

/* Begin PBXFileReference section */
		294038C11E1655BF00203D8A /* 004_QuickCheck.app */ = {isa = PBXFileReference; explicitFileType = wrapper.application; includeInIndex = 0; path = 004_QuickCheck.app; sourceTree = BUILT_PRODUCTS_DIR; };
		294038C41E1655BF00203D8A /* AppDelegate.swift */ = {isa = PBXFileReference; lastKnownFileType = sourcecode.swift; path = AppDelegate.swift; sourceTree = "<group>"; };
		294038C61E1655BF00203D8A /* ViewController.swift */ = {isa = PBXFileReference; lastKnownFileType = sourcecode.swift; path = ViewController.swift; sourceTree = "<group>"; };
		294038C91E1655BF00203D8A /* Base */ = {isa = PBXFileReference; lastKnownFileType = file.storyboard; name = Base; path = Base.lproj/Main.storyboard; sourceTree = "<group>"; };
		294038CB1E1655BF00203D8A /* Assets.xcassets */ = {isa = PBXFileReference; lastKnownFileType = folder.assetcatalog; path = Assets.xcassets; sourceTree = "<group>"; };
		294038CE1E1655BF00203D8A /* Base */ = {isa = PBXFileReference; lastKnownFileType = file.storyboard; name = Base; path = Base.lproj/LaunchScreen.storyboard; sourceTree = "<group>"; };
		294038D01E1655BF00203D8A /* Info.plist */ = {isa = PBXFileReference; lastKnownFileType = text.plist.xml; path = Info.plist; sourceTree = "<group>"; };
/* End PBXFileReference section */

/* Begin PBXFrameworksBuildPhase section */
		294038BE1E1655BF00203D8A /* Frameworks */ = {
			isa = PBXFrameworksBuildPhase;
			buildActionMask = 2147483647;
			files = (
			);
			runOnlyForDeploymentPostprocessing = 0;
		};
/* End PBXFrameworksBuildPhase section */

/* Begin PBXGroup section */
		294038B81E1655BF00203D8A = {
			isa = PBXGroup;
			children = (
				294038C31E1655BF00203D8A /* 004_QuickCheck */,
				294038C21E1655BF00203D8A /* Products */,
			);
			sourceTree = "<group>";
		};
		294038C21E1655BF00203D8A /* Products */ = {
			isa = PBXGroup;
			children = (
				294038C11E1655BF00203D8A /* 004_QuickCheck.app */,
			);
			name = Products;
			sourceTree = "<group>";
		};
		294038C31E1655BF00203D8A /* 004_QuickCheck */ = {
			isa = PBXGroup;
			children = (
				294038C41E1655BF00203D8A /* AppDelegate.swift */,
				294038C61E1655BF00203D8A /* ViewController.swift */,
				294038C81E1655BF00203D8A /* Main.storyboard */,
				294038CB1E1655BF00203D8A /* Assets.xcassets */,
				294038CD1E1655BF00203D8A /* LaunchScreen.storyboard */,
				294038D01E1655BF00203D8A /* Info.plist */,
			);
			path = 004_QuickCheck;
			sourceTree = "<group>";
		};
/* End PBXGroup section */

/* Begin PBXNativeTarget section */
		294038C01E1655BF00203D8A /* 004_QuickCheck */ = {
			isa = PBXNativeTarget;
			buildConfigurationList = 294038D31E1655BF00203D8A /* Build configuration list for PBXNativeTarget "004_QuickCheck" */;
			buildPhases = (
				294038BD1E1655BF00203D8A /* Sources */,
				294038BE1E1655BF00203D8A /* Frameworks */,
				294038BF1E1655BF00203D8A /* Resources */,
			);
			buildRules = (
			);
			dependencies = (
			);
			name = 004_QuickCheck;
			productName = 004_QuickCheck;
			productReference = 294038C11E1655BF00203D8A /* 004_QuickCheck.app */;
			productType = "com.apple.product-type.application";
		};
/* End PBXNativeTarget section */

/* Begin PBXProject section */
		294038B91E1655BF00203D8A /* Project object */ = {
			isa = PBXProject;
			attributes = {
				LastSwiftUpdateCheck = 0820;
				LastUpgradeCheck = 0820;
				ORGANIZATIONNAME = "强新宇";
				TargetAttributes = {
					294038C01E1655BF00203D8A = {
						CreatedOnToolsVersion = 8.2.1;
						DevelopmentTeam = UAA3E7W55E;
						ProvisioningStyle = Automatic;
					};
				};
			};
			buildConfigurationList = 294038BC1E1655BF00203D8A /* Build configuration list for PBXProject "004_QuickCheck" */;
			compatibilityVersion = "Xcode 3.2";
			developmentRegion = English;
			hasScannedForEncodings = 0;
			knownRegions = (
				en,
				Base,
			);
			mainGroup = 294038B81E1655BF00203D8A;
			productRefGroup = 294038C21E1655BF00203D8A /* Products */;
			projectDirPath = "";
			projectRoot = "";
			targets = (
				294038C01E1655BF00203D8A /* 004_QuickCheck */,
			);
		};
/* End PBXProject section */

/* Begin PBXResourcesBuildPhase section */
		294038BF1E1655BF00203D8A /* Resources */ = {
			isa = PBXResourcesBuildPhase;
			buildActionMask = 2147483647;
			files = (
				294038CF1E1655BF00203D8A /* LaunchScreen.storyboard in Resources */,
				294038CC1E1655BF00203D8A /* Assets.xcassets in Resources */,
				294038CA1E1655BF00203D8A /* Main.storyboard in Resources */,
			);
			runOnlyForDeploymentPostprocessing = 0;
		};
/* End PBXResourcesBuildPhase section */

/* Begin PBXSourcesBuildPhase section */
		294038BD1E1655BF00203D8A /* Sources */ = {
			isa = PBXSourcesBuildPhase;
			buildActionMask = 2147483647;
			files = (
				294038C71E1655BF00203D8A /* ViewController.swift in Sources */,
				294038C51E1655BF00203D8A /* AppDelegate.swift in Sources */,
			);
			runOnlyForDeploymentPostprocessing = 0;
		};
/* End PBXSourcesBuildPhase section */

/* Begin PBXVariantGroup section */
		294038C81E1655BF00203D8A /* Main.storyboard */ = {
			isa = PBXVariantGroup;
			children = (
				294038C91E1655BF00203D8A /* Base */,
			);
			name = Main.storyboard;
			sourceTree = "<group>";
		};
		294038CD1E1655BF00203D8A /* LaunchScreen.storyboard */ = {
			isa = PBXVariantGroup;
			children = (
				294038CE1E1655BF00203D8A /* Base */,
			);
			name = LaunchScreen.storyboard;
			sourceTree = "<group>";
		};
/* End PBXVariantGroup section */

/* Begin XCBuildConfiguration section */
		294038D11E1655BF00203D8A /* Debug */ = {
			isa = XCBuildConfiguration;
			buildSettings = {
				ALWAYS_SEARCH_USER_PATHS = NO;
				CLANG_ANALYZER_NONNULL = YES;
				CLANG_CXX_LANGUAGE_STANDARD = "gnu++0x";
				CLANG_CXX_LIBRARY = "libc++";
				CLANG_ENABLE_MODULES = YES;
				CLANG_ENABLE_OBJC_ARC = YES;
				CLANG_WARN_BOOL_CONVERSION = YES;
				CLANG_WARN_CONSTANT_CONVERSION = YES;
				CLANG_WARN_DIRECT_OBJC_ISA_USAGE = YES_ERROR;
				CLANG_WARN_DOCUMENTATION_COMMENTS = YES;
				CLANG_WARN_EMPTY_BODY = YES;
				CLANG_WARN_ENUM_CONVERSION = YES;
				CLANG_WARN_INFINITE_RECURSION = YES;
				CLANG_WARN_INT_CONVERSION = YES;
				CLANG_WARN_OBJC_ROOT_CLASS = YES_ERROR;
				CLANG_WARN_SUSPICIOUS_MOVE = YES;
				CLANG_WARN_UNREACHABLE_CODE = YES;
				CLANG_WARN__DUPLICATE_METHOD_MATCH = YES;
				"CODE_SIGN_IDENTITY[sdk=iphoneos*]" = "iPhone Developer";
				COPY_PHASE_STRIP = NO;
				DEBUG_INFORMATION_FORMAT = dwarf;
				ENABLE_STRICT_OBJC_MSGSEND = YES;
				ENABLE_TESTABILITY = YES;
				GCC_C_LANGUAGE_STANDARD = gnu99;
				GCC_DYNAMIC_NO_PIC = NO;
				GCC_NO_COMMON_BLOCKS = YES;
				GCC_OPTIMIZATION_LEVEL = 0;
				GCC_PREPROCESSOR_DEFINITIONS = (
					"DEBUG=1",
					"$(inherited)",
				);
				GCC_WARN_64_TO_32_BIT_CONVERSION = YES;
				GCC_WARN_ABOUT_RETURN_TYPE = YES_ERROR;
				GCC_WARN_UNDECLARED_SELECTOR = YES;
				GCC_WARN_UNINITIALIZED_AUTOS = YES_AGGRESSIVE;
				GCC_WARN_UNUSED_FUNCTION = YES;
				GCC_WARN_UNUSED_VARIABLE = YES;
				IPHONEOS_DEPLOYMENT_TARGET = 10.2;
				MTL_ENABLE_DEBUG_INFO = YES;
				ONLY_ACTIVE_ARCH = YES;
				SDKROOT = iphoneos;
				SWIFT_ACTIVE_COMPILATION_CONDITIONS = DEBUG;
				SWIFT_OPTIMIZATION_LEVEL = "-Onone";
				TARGETED_DEVICE_FAMILY = "1,2";
			};
			name = Debug;
		};
		294038D21E1655BF00203D8A /* Release */ = {
			isa = XCBuildConfiguration;
			buildSettings = {
				ALWAYS_SEARCH_USER_PATHS = NO;
				CLANG_ANALYZER_NONNULL = YES;
				CLANG_CXX_LANGUAGE_STANDARD = "gnu++0x";
				CLANG_CXX_LIBRARY = "libc++";
				CLANG_ENABLE_MODULES = YES;
				CLANG_ENABLE_OBJC_ARC = YES;
				CLANG_WARN_BOOL_CONVERSION = YES;
				CLANG_WARN_CONSTANT_CONVERSION = YES;
				CLANG_WARN_DIRECT_OBJC_ISA_USAGE = YES_ERROR;
				CLANG_WARN_DOCUMENTATION_COMMENTS = YES;
				CLANG_WARN_EMPTY_BODY = YES;
				CLANG_WARN_ENUM_CONVERSION = YES;
				CLANG_WARN_INFINITE_RECURSION = YES;
				CLANG_WARN_INT_CONVERSION = YES;
				CLANG_WARN_OBJC_ROOT_CLASS = YES_ERROR;
				CLANG_WARN_SUSPICIOUS_MOVE = YES;
				CLANG_WARN_UNREACHABLE_CODE = YES;
				CLANG_WARN__DUPLICATE_METHOD_MATCH = YES;
				"CODE_SIGN_IDENTITY[sdk=iphoneos*]" = "iPhone Developer";
				COPY_PHASE_STRIP = NO;
				DEBUG_INFORMATION_FORMAT = "dwarf-with-dsym";
				ENABLE_NS_ASSERTIONS = NO;
				ENABLE_STRICT_OBJC_MSGSEND = YES;
				GCC_C_LANGUAGE_STANDARD = gnu99;
				GCC_NO_COMMON_BLOCKS = YES;
				GCC_WARN_64_TO_32_BIT_CONVERSION = YES;
				GCC_WARN_ABOUT_RETURN_TYPE = YES_ERROR;
				GCC_WARN_UNDECLARED_SELECTOR = YES;
				GCC_WARN_UNINITIALIZED_AUTOS = YES_AGGRESSIVE;
				GCC_WARN_UNUSED_FUNCTION = YES;
				GCC_WARN_UNUSED_VARIABLE = YES;
				IPHONEOS_DEPLOYMENT_TARGET = 10.2;
				MTL_ENABLE_DEBUG_INFO = NO;
				SDKROOT = iphoneos;
				SWIFT_OPTIMIZATION_LEVEL = "-Owholemodule";
				TARGETED_DEVICE_FAMILY = "1,2";
				VALIDATE_PRODUCT = YES;
			};
			name = Release;
		};
		294038D41E1655BF00203D8A /* Debug */ = {
			isa = XCBuildConfiguration;
			buildSettings = {
				ASSETCATALOG_COMPILER_APPICON_NAME = AppIcon;
				DEVELOPMENT_TEAM = UAA3E7W55E;
				INFOPLIST_FILE = 004_QuickCheck/Info.plist;
				LD_RUNPATH_SEARCH_PATHS = "$(inherited) @executable_path/Frameworks";
				PRODUCT_BUNDLE_IDENTIFIER = "com.qxy.-04-QuickCheck";
				PRODUCT_NAME = "$(TARGET_NAME)";
				SWIFT_VERSION = 3.0;
			};
			name = Debug;
		};
		294038D51E1655BF00203D8A /* Release */ = {
			isa = XCBuildConfiguration;
			buildSettings = {
				ASSETCATALOG_COMPILER_APPICON_NAME = AppIcon;
				DEVELOPMENT_TEAM = UAA3E7W55E;
				INFOPLIST_FILE = 004_QuickCheck/Info.plist;
				LD_RUNPATH_SEARCH_PATHS = "$(inherited) @executable_path/Frameworks";
				PRODUCT_BUNDLE_IDENTIFIER = "com.qxy.-04-QuickCheck";
				PRODUCT_NAME = "$(TARGET_NAME)";
				SWIFT_VERSION = 3.0;
			};
			name = Release;
		};
/* End XCBuildConfiguration section */

/* Begin XCConfigurationList section */
		294038BC1E1655BF00203D8A /* Build configuration list for PBXProject "004_QuickCheck" */ = {
			isa = XCConfigurationList;
			buildConfigurations = (
				294038D11E1655BF00203D8A /* Debug */,
				294038D21E1655BF00203D8A /* Release */,
			);
			defaultConfigurationIsVisible = 0;
			defaultConfigurationName = Release;
		};
		294038D31E1655BF00203D8A /* Build configuration list for PBXNativeTarget "004_QuickCheck" */ = {
			isa = XCConfigurationList;
			buildConfigurations = (
				294038D41E1655BF00203D8A /* Debug */,
				294038D51E1655BF00203D8A /* Release */,
			);
			defaultConfigurationIsVisible = 0;
		};
/* End XCConfigurationList section */
	};
	rootObject = 294038B91E1655BF00203D8A /* Project object */;
}
